
Microsoft Visual Studio Solution File, Format Version 12.00
# Visual Studio Version 16
VisualStudioVersion = 16.0.29613.14
MinimumVisualStudioVersion = 10.0.40219.1
Project("{FAE04EC0-301F-11D3-BF4B-00C04F79EFBC}") = "BackTester", "BackTester\BackTester.csproj", "{1182D530-6BCE-4E11-BF17-5A71EACADFFE}"
EndProject
Global
	GlobalSection(SolutionConfigurationPlatforms) = preSolution
		Debug|Any CPU = Debug|Any CPU
		Release|Any CPU = Release|Any CPU
	EndGlobalSection
	GlobalSection(ProjectConfigurationPlatforms) = postSolution
		{1182D530-6BCE-4E11-BF17-5A71EACADFFE}.Debug|Any CPU.ActiveCfg = Debug|Any CPU
		{1182D530-6BCE-4E11-BF17-5A71EACADFFE}.Debug|Any CPU.Build.0 = Debug|Any CPU
		{1182D530-6BCE-4E11-BF17-5A71EACADFFE}.Release|Any CPU.ActiveCfg = Release|Any CPU
		{1182D530-6BCE-4E11-BF17-5A71EACADFFE}.Release|Any CPU.Build.0 = Release|Any CPU
	EndGlobalSection
	GlobalSection(SolutionProperties) = preSolution
		HideSolutionNode = FALSE
	EndGlobalSection
	GlobalSection(ExtensibilityGlobals) = postSolution
		SolutionGuid = {86F77158-580D-4E54-AD3D-E07C3E03122B}
	EndGlobalSection
EndGlobal
